
Microsoft Visual Studio Solution File, Format Version 12.00
# Visual Studio Version 17
VisualStudioVersion = 17.2.32210.308
MinimumVisualStudioVersion = 10.0.40219.1
Project("{FAE04EC0-301F-11D3-BF4B-00C04F79EFBC}") = "Speech", "Speech.csproj", "{594AA5DB-18AF-4A23-B04A-DF1DF6825CDB}"
EndProject
Global
	GlobalSection(SolutionConfigurationPlatforms) = preSolution
		Debug|Any CPU = Debug|Any CPU
		Release|Any CPU = Release|Any CPU
	EndGlobalSection
	GlobalSection(ProjectConfigurationPlatforms) = postSolution
		{594AA5DB-18AF-4A23-B04A-DF1DF6825CDB}.Debug|Any CPU.ActiveCfg = Debug|Any CPU
		{594AA5DB-18AF-4A23-B04A-DF1DF6825CDB}.Debug|Any CPU.Build.0 = Debug|Any CPU
		{594AA5DB-18AF-4A23-B04A-DF1DF6825CDB}.Release|Any CPU.ActiveCfg = Release|Any CPU
		{594AA5DB-18AF-4A23-B04A-DF1DF6825CDB}.Release|Any CPU.Build.0 = Release|Any CPU
	EndGlobalSection
	GlobalSection(SolutionProperties) = preSolution
		HideSolutionNode = FALSE
	EndGlobalSection
	GlobalSection(ExtensibilityGlobals) = postSolution
		SolutionGuid = {1EC5366D-3E84-4951-A7FF-FB98EFA792F8}
	EndGlobalSection
EndGlobal
